
Microsoft Visual Studio Solution File, Format Version 12.00
Project("{FAE04EC0-301F-11D3-BF4B-00C04F79EFBC}") = "api-graphql", "api-graphql\api-graphql.csproj", "{3760FE5A-6041-4620-9C3A-F56BB2733663}"
EndProject
Project("{FAE04EC0-301F-11D3-BF4B-00C04F79EFBC}") = "Infrastructure", "Infrastructure\Infrastructure.csproj", "{955766F2-D03A-41D8-81DE-F864436F0E9D}"
EndProject
Project("{FAE04EC0-301F-11D3-BF4B-00C04F79EFBC}") = "Domain", "Domain\Domain.csproj", "{A3B46946-DB7F-4158-B5C3-BE259FA3FFFA}"
EndProject
Project("{FAE04EC0-301F-11D3-BF4B-00C04F79EFBC}") = "Application", "Application\Application.csproj", "{3E3CCF7E-6317-4E46-BB15-9B2291EB0F10}"
EndProject
Project("{FAE04EC0-301F-11D3-BF4B-00C04F79EFBC}") = "Common", "Common\Common.csproj", "{5BDEBBDC-EAE4-4F60-9408-64BAAC401815}"
EndProject
Global
	GlobalSection(SolutionConfigurationPlatforms) = preSolution
		Debug|Any CPU = Debug|Any CPU
		Release|Any CPU = Release|Any CPU
	EndGlobalSection
	GlobalSection(ProjectConfigurationPlatforms) = postSolution
		{3760FE5A-6041-4620-9C3A-F56BB2733663}.Debug|Any CPU.ActiveCfg = Debug|Any CPU
		{3760FE5A-6041-4620-9C3A-F56BB2733663}.Debug|Any CPU.Build.0 = Debug|Any CPU
		{3760FE5A-6041-4620-9C3A-F56BB2733663}.Release|Any CPU.ActiveCfg = Release|Any CPU
		{3760FE5A-6041-4620-9C3A-F56BB2733663}.Release|Any CPU.Build.0 = Release|Any CPU
		{955766F2-D03A-41D8-81DE-F864436F0E9D}.Debug|Any CPU.ActiveCfg = Debug|Any CPU
		{955766F2-D03A-41D8-81DE-F864436F0E9D}.Debug|Any CPU.Build.0 = Debug|Any CPU
		{955766F2-D03A-41D8-81DE-F864436F0E9D}.Release|Any CPU.ActiveCfg = Release|Any CPU
		{955766F2-D03A-41D8-81DE-F864436F0E9D}.Release|Any CPU.Build.0 = Release|Any CPU
		{A3B46946-DB7F-4158-B5C3-BE259FA3FFFA}.Debug|Any CPU.ActiveCfg = Debug|Any CPU
		{A3B46946-DB7F-4158-B5C3-BE259FA3FFFA}.Debug|Any CPU.Build.0 = Debug|Any CPU
		{A3B46946-DB7F-4158-B5C3-BE259FA3FFFA}.Release|Any CPU.ActiveCfg = Release|Any CPU
		{A3B46946-DB7F-4158-B5C3-BE259FA3FFFA}.Release|Any CPU.Build.0 = Release|Any CPU
		{3E3CCF7E-6317-4E46-BB15-9B2291EB0F10}.Debug|Any CPU.ActiveCfg = Debug|Any CPU
		{3E3CCF7E-6317-4E46-BB15-9B2291EB0F10}.Debug|Any CPU.Build.0 = Debug|Any CPU
		{3E3CCF7E-6317-4E46-BB15-9B2291EB0F10}.Release|Any CPU.ActiveCfg = Release|Any CPU
		{3E3CCF7E-6317-4E46-BB15-9B2291EB0F10}.Release|Any CPU.Build.0 = Release|Any CPU
		{5BDEBBDC-EAE4-4F60-9408-64BAAC401815}.Debug|Any CPU.ActiveCfg = Debug|Any CPU
		{5BDEBBDC-EAE4-4F60-9408-64BAAC401815}.Debug|Any CPU.Build.0 = Debug|Any CPU
		{5BDEBBDC-EAE4-4F60-9408-64BAAC401815}.Release|Any CPU.ActiveCfg = Release|Any CPU
		{5BDEBBDC-EAE4-4F60-9408-64BAAC401815}.Release|Any CPU.Build.0 = Release|Any CPU
	EndGlobalSection
EndGlobal
