
Microsoft Visual Studio Solution File, Format Version 12.00
Project("{FAE04EC0-301F-11D3-BF4B-00C04F79EFBC}") = "api-graphql", "api-graphql\api-graphql.csproj", "{3760FE5A-6041-4620-9C3A-F56BB2733663}"
EndProject
Global
	GlobalSection(SolutionConfigurationPlatforms) = preSolution
		Debug|Any CPU = Debug|Any CPU
		Release|Any CPU = Release|Any CPU
	EndGlobalSection
	GlobalSection(ProjectConfigurationPlatforms) = postSolution
		{3760FE5A-6041-4620-9C3A-F56BB2733663}.Debug|Any CPU.ActiveCfg = Debug|Any CPU
		{3760FE5A-6041-4620-9C3A-F56BB2733663}.Debug|Any CPU.Build.0 = Debug|Any CPU
		{3760FE5A-6041-4620-9C3A-F56BB2733663}.Release|Any CPU.ActiveCfg = Release|Any CPU
		{3760FE5A-6041-4620-9C3A-F56BB2733663}.Release|Any CPU.Build.0 = Release|Any CPU
	EndGlobalSection
EndGlobal
